// !$*UTF8*$!
{
	archiveVersion = 1;
	classes = {
	};
	objectVersion = 55;
	objects = {

/* Begin PBXBuildFile section */
		ED0AC911286B2DC10033EFB1 /* AppDelegate.swift in Sources */ = {isa = PBXBuildFile; fileRef = ED0AC910286B2DC10033EFB1 /* AppDelegate.swift */; };
		ED0AC913286B2DC10033EFB1 /* SceneDelegate.swift in Sources */ = {isa = PBXBuildFile; fileRef = ED0AC912286B2DC10033EFB1 /* SceneDelegate.swift */; };
		ED0AC915286B2DC10033EFB1 /* ViewController.swift in Sources */ = {isa = PBXBuildFile; fileRef = ED0AC914286B2DC10033EFB1 /* ViewController.swift */; };
		ED0AC918286B2DC10033EFB1 /* Main.storyboard in Resources */ = {isa = PBXBuildFile; fileRef = ED0AC916286B2DC10033EFB1 /* Main.storyboard */; };
		ED0AC91D286B2DC30033EFB1 /* LaunchScreen.storyboard in Resources */ = {isa = PBXBuildFile; fileRef = ED0AC91B286B2DC30033EFB1 /* LaunchScreen.storyboard */; };
		ED0AC925286B38AF0033EFB1 /* Assets.xcassets in Resources */ = {isa = PBXBuildFile; fileRef = ED0AC924286B38AF0033EFB1 /* Assets.xcassets */; };
		ED0AC927286B45640033EFB1 /* SignInViewController.swift in Sources */ = {isa = PBXBuildFile; fileRef = ED0AC926286B45640033EFB1 /* SignInViewController.swift */; };
		ED0AC929286B456F0033EFB1 /* SIgnUpViewController.swift in Sources */ = {isa = PBXBuildFile; fileRef = ED0AC928286B456F0033EFB1 /* SIgnUpViewController.swift */; };
		ED0AC92B286B45750033EFB1 /* HomeViewController.swift in Sources */ = {isa = PBXBuildFile; fileRef = ED0AC92A286B45750033EFB1 /* HomeViewController.swift */; };
		ED0AC92F286B484D0033EFB1 /* GoogleService-Info.plist in Resources */ = {isa = PBXBuildFile; fileRef = ED0AC92E286B484D0033EFB1 /* GoogleService-Info.plist */; };
/* End PBXBuildFile section */

/* Begin PBXFileReference section */
		02FDBE3EEE643F59489DA291 /* Pods-Google Authentication.release.xcconfig */ = {isa = PBXFileReference; includeInIndex = 1; lastKnownFileType = text.xcconfig; name = "Pods-Google Authentication.release.xcconfig"; path = "Target Support Files/Pods-Google Authentication/Pods-Google Authentication.release.xcconfig"; sourceTree = "<group>"; };
		949AF35258402579C968490C /* Pods-Google Authentication.debug.xcconfig */ = {isa = PBXFileReference; includeInIndex = 1; lastKnownFileType = text.xcconfig; name = "Pods-Google Authentication.debug.xcconfig"; path = "Target Support Files/Pods-Google Authentication/Pods-Google Authentication.debug.xcconfig"; sourceTree = "<group>"; };
		ED0AC90D286B2DC10033EFB1 /* Google Authentication.app */ = {isa = PBXFileReference; explicitFileType = wrapper.application; includeInIndex = 0; path = "Google Authentication.app"; sourceTree = BUILT_PRODUCTS_DIR; };
		ED0AC910286B2DC10033EFB1 /* AppDelegate.swift */ = {isa = PBXFileReference; lastKnownFileType = sourcecode.swift; path = AppDelegate.swift; sourceTree = "<group>"; };
		ED0AC912286B2DC10033EFB1 /* SceneDelegate.swift */ = {isa = PBXFileReference; lastKnownFileType = sourcecode.swift; path = SceneDelegate.swift; sourceTree = "<group>"; };
		ED0AC914286B2DC10033EFB1 /* ViewController.swift */ = {isa = PBXFileReference; lastKnownFileType = sourcecode.swift; path = ViewController.swift; sourceTree = "<group>"; };
		ED0AC917286B2DC10033EFB1 /* Base */ = {isa = PBXFileReference; lastKnownFileType = file.storyboard; name = Base; path = Base.lproj/Main.storyboard; sourceTree = "<group>"; };
		ED0AC91C286B2DC30033EFB1 /* Base */ = {isa = PBXFileReference; lastKnownFileType = file.storyboard; name = Base; path = Base.lproj/LaunchScreen.storyboard; sourceTree = "<group>"; };
		ED0AC91E286B2DC30033EFB1 /* Info.plist */ = {isa = PBXFileReference; lastKnownFileType = text.plist.xml; path = Info.plist; sourceTree = "<group>"; };
		ED0AC924286B38AF0033EFB1 /* Assets.xcassets */ = {isa = PBXFileReference; lastKnownFileType = folder.assetcatalog; path = Assets.xcassets; sourceTree = "<group>"; };
		ED0AC926286B45640033EFB1 /* SignInViewController.swift */ = {isa = PBXFileReference; lastKnownFileType = sourcecode.swift; path = SignInViewController.swift; sourceTree = "<group>"; };
		ED0AC928286B456F0033EFB1 /* SIgnUpViewController.swift */ = {isa = PBXFileReference; lastKnownFileType = sourcecode.swift; path = SIgnUpViewController.swift; sourceTree = "<group>"; };
		ED0AC92A286B45750033EFB1 /* HomeViewController.swift */ = {isa = PBXFileReference; lastKnownFileType = sourcecode.swift; path = HomeViewController.swift; sourceTree = "<group>"; };
		ED0AC92E286B484D0033EFB1 /* GoogleService-Info.plist */ = {isa = PBXFileReference; fileEncoding = 4; lastKnownFileType = text.plist.xml; path = "GoogleService-Info.plist"; sourceTree = "<group>"; };
/* End PBXFileReference section */

/* Begin PBXFrameworksBuildPhase section */
		ED0AC90A286B2DC10033EFB1 /* Frameworks */ = {
			isa = PBXFrameworksBuildPhase;
			buildActionMask = 2147483647;
			files = (
			);
			runOnlyForDeploymentPostprocessing = 0;
		};
/* End PBXFrameworksBuildPhase section */

/* Begin PBXGroup section */
		31054F62C35537180F882955 /* Frameworks */ = {
			isa = PBXGroup;
			children = (
			);
			name = Frameworks;
			sourceTree = "<group>";
		};
		4EBD54EC82C7CEEA1E19D8EA /* Pods */ = {
			isa = PBXGroup;
			children = (
				949AF35258402579C968490C /* Pods-Google Authentication.debug.xcconfig */,
				02FDBE3EEE643F59489DA291 /* Pods-Google Authentication.release.xcconfig */,
			);
			path = Pods;
			sourceTree = "<group>";
		};
		ED0AC904286B2DC10033EFB1 = {
			isa = PBXGroup;
			children = (
				ED0AC90F286B2DC10033EFB1 /* Google Authentication */,
				ED0AC90E286B2DC10033EFB1 /* Products */,
				4EBD54EC82C7CEEA1E19D8EA /* Pods */,
				31054F62C35537180F882955 /* Frameworks */,
			);
			sourceTree = "<group>";
		};
		ED0AC90E286B2DC10033EFB1 /* Products */ = {
			isa = PBXGroup;
			children = (
				ED0AC90D286B2DC10033EFB1 /* Google Authentication.app */,
			);
			name = Products;
			sourceTree = "<group>";
		};
		ED0AC90F286B2DC10033EFB1 /* Google Authentication */ = {
			isa = PBXGroup;
			children = (
				ED0AC910286B2DC10033EFB1 /* AppDelegate.swift */,
				ED0AC912286B2DC10033EFB1 /* SceneDelegate.swift */,
				ED0AC92C286B45AA0033EFB1 /* View Controllers */,
				ED0AC916286B2DC10033EFB1 /* Main.storyboard */,
				ED0AC91B286B2DC30033EFB1 /* LaunchScreen.storyboard */,
				ED0AC924286B38AF0033EFB1 /* Assets.xcassets */,
				ED0AC91E286B2DC30033EFB1 /* Info.plist */,
				ED0AC92E286B484D0033EFB1 /* GoogleService-Info.plist */,
			);
			path = "Google Authentication";
			sourceTree = "<group>";
		};
		ED0AC92C286B45AA0033EFB1 /* View Controllers */ = {
			isa = PBXGroup;
			children = (
				ED0AC914286B2DC10033EFB1 /* ViewController.swift */,
				ED0AC926286B45640033EFB1 /* SignInViewController.swift */,
				ED0AC928286B456F0033EFB1 /* SIgnUpViewController.swift */,
				ED0AC92A286B45750033EFB1 /* HomeViewController.swift */,
			);
			path = "View Controllers";
			sourceTree = "<group>";
		};
/* End PBXGroup section */

/* Begin PBXNativeTarget section */
		ED0AC90C286B2DC10033EFB1 /* Google Authentication */ = {
			isa = PBXNativeTarget;
			buildConfigurationList = ED0AC921286B2DC30033EFB1 /* Build configuration list for PBXNativeTarget "Google Authentication" */;
			buildPhases = (
				7254436063284BDF1C65C265 /* [CP] Check Pods Manifest.lock */,
				ED0AC909286B2DC10033EFB1 /* Sources */,
				ED0AC90A286B2DC10033EFB1 /* Frameworks */,
				ED0AC90B286B2DC10033EFB1 /* Resources */,
				BA60537ED28977BDB5FC7CF0 /* [CP] Embed Pods Frameworks */,
			);
			buildRules = (
			);
			dependencies = (
			);
			name = "Google Authentication";
			productName = "Google Authentication";
			productReference = ED0AC90D286B2DC10033EFB1 /* Google Authentication.app */;
			productType = "com.apple.product-type.application";
		};
/* End PBXNativeTarget section */

/* Begin PBXProject section */
		ED0AC905286B2DC10033EFB1 /* Project object */ = {
			isa = PBXProject;
			attributes = {
				BuildIndependentTargetsInParallel = 1;
				LastSwiftUpdateCheck = 1340;
				LastUpgradeCheck = 1340;
				TargetAttributes = {
					ED0AC90C286B2DC10033EFB1 = {
						CreatedOnToolsVersion = 13.4.1;
					};
				};
			};
			buildConfigurationList = ED0AC908286B2DC10033EFB1 /* Build configuration list for PBXProject "Google Authentication" */;
			compatibilityVersion = "Xcode 13.0";
			developmentRegion = en;
			hasScannedForEncodings = 0;
			knownRegions = (
				en,
				Base,
			);
			mainGroup = ED0AC904286B2DC10033EFB1;
			productRefGroup = ED0AC90E286B2DC10033EFB1 /* Products */;
			projectDirPath = "";
			projectRoot = "";
			targets = (
				ED0AC90C286B2DC10033EFB1 /* Google Authentication */,
			);
		};
/* End PBXProject section */

/* Begin PBXResourcesBuildPhase section */
		ED0AC90B286B2DC10033EFB1 /* Resources */ = {
			isa = PBXResourcesBuildPhase;
			buildActionMask = 2147483647;
			files = (
				ED0AC91D286B2DC30033EFB1 /* LaunchScreen.storyboard in Resources */,
				ED0AC92F286B484D0033EFB1 /* GoogleService-Info.plist in Resources */,
				ED0AC925286B38AF0033EFB1 /* Assets.xcassets in Resources */,
				ED0AC918286B2DC10033EFB1 /* Main.storyboard in Resources */,
			);
			runOnlyForDeploymentPostprocessing = 0;
		};
/* End PBXResourcesBuildPhase section */

/* Begin PBXShellScriptBuildPhase section */
		7254436063284BDF1C65C265 /* [CP] Check Pods Manifest.lock */ = {
			isa = PBXShellScriptBuildPhase;
			buildActionMask = 2147483647;
			files = (
			);
			inputFileListPaths = (
			);
			inputPaths = (
				"${PODS_PODFILE_DIR_PATH}/Podfile.lock",
				"${PODS_ROOT}/Manifest.lock",
			);
			name = "[CP] Check Pods Manifest.lock";
			outputFileListPaths = (
			);
			outputPaths = (
				"$(DERIVED_FILE_DIR)/Pods-Google Authentication-checkManifestLockResult.txt",
			);
			runOnlyForDeploymentPostprocessing = 0;
			shellPath = /bin/sh;
			shellScript = "diff \"${PODS_PODFILE_DIR_PATH}/Podfile.lock\" \"${PODS_ROOT}/Manifest.lock\" > /dev/null\nif [ $? != 0 ] ; then\n    # print error to STDERR\n    echo \"error: The sandbox is not in sync with the Podfile.lock. Run 'pod install' or update your CocoaPods installation.\" >&2\n    exit 1\nfi\n# This output is used by Xcode 'outputs' to avoid re-running this script phase.\necho \"SUCCESS\" > \"${SCRIPT_OUTPUT_FILE_0}\"\n";
			showEnvVarsInLog = 0;
		};
		BA60537ED28977BDB5FC7CF0 /* [CP] Embed Pods Frameworks */ = {
			isa = PBXShellScriptBuildPhase;
			buildActionMask = 2147483647;
			files = (
			);
			inputFileListPaths = (
				"${PODS_ROOT}/Target Support Files/Pods-Google Authentication/Pods-Google Authentication-frameworks-${CONFIGURATION}-input-files.xcfilelist",
			);
			name = "[CP] Embed Pods Frameworks";
			outputFileListPaths = (
				"${PODS_ROOT}/Target Support Files/Pods-Google Authentication/Pods-Google Authentication-frameworks-${CONFIGURATION}-output-files.xcfilelist",
			);
			runOnlyForDeploymentPostprocessing = 0;
			shellPath = /bin/sh;
			shellScript = "\"${PODS_ROOT}/Target Support Files/Pods-Google Authentication/Pods-Google Authentication-frameworks.sh\"\n";
			showEnvVarsInLog = 0;
		};
/* End PBXShellScriptBuildPhase section */

/* Begin PBXSourcesBuildPhase section */
		ED0AC909286B2DC10033EFB1 /* Sources */ = {
			isa = PBXSourcesBuildPhase;
			buildActionMask = 2147483647;
			files = (
				ED0AC927286B45640033EFB1 /* SignInViewController.swift in Sources */,
				ED0AC929286B456F0033EFB1 /* SIgnUpViewController.swift in Sources */,
				ED0AC915286B2DC10033EFB1 /* ViewController.swift in Sources */,
				ED0AC911286B2DC10033EFB1 /* AppDelegate.swift in Sources */,
				ED0AC913286B2DC10033EFB1 /* SceneDelegate.swift in Sources */,
				ED0AC92B286B45750033EFB1 /* HomeViewController.swift in Sources */,
			);
			runOnlyForDeploymentPostprocessing = 0;
		};
/* End PBXSourcesBuildPhase section */

/* Begin PBXVariantGroup section */
		ED0AC916286B2DC10033EFB1 /* Main.storyboard */ = {
			isa = PBXVariantGroup;
			children = (
				ED0AC917286B2DC10033EFB1 /* Base */,
			);
			name = Main.storyboard;
			sourceTree = "<group>";
		};
		ED0AC91B286B2DC30033EFB1 /* LaunchScreen.storyboard */ = {
			isa = PBXVariantGroup;
			children = (
				ED0AC91C286B2DC30033EFB1 /* Base */,
			);
			name = LaunchScreen.storyboard;
			sourceTree = "<group>";
		};
/* End PBXVariantGroup section */

/* Begin XCBuildConfiguration section */
		ED0AC91F286B2DC30033EFB1 /* Debug */ = {
			isa = XCBuildConfiguration;
			buildSettings = {
				ALWAYS_SEARCH_USER_PATHS = NO;
				CLANG_ANALYZER_NONNULL = YES;
				CLANG_ANALYZER_NUMBER_OBJECT_CONVERSION = YES_AGGRESSIVE;
				CLANG_CXX_LANGUAGE_STANDARD = "gnu++17";
				CLANG_ENABLE_MODULES = YES;
				CLANG_ENABLE_OBJC_ARC = YES;
				CLANG_ENABLE_OBJC_WEAK = YES;
				CLANG_WARN_BLOCK_CAPTURE_AUTORELEASING = YES;
				CLANG_WARN_BOOL_CONVERSION = YES;
				CLANG_WARN_COMMA = YES;
				CLANG_WARN_CONSTANT_CONVERSION = YES;
				CLANG_WARN_DEPRECATED_OBJC_IMPLEMENTATIONS = YES;
				CLANG_WARN_DIRECT_OBJC_ISA_USAGE = YES_ERROR;
				CLANG_WARN_DOCUMENTATION_COMMENTS = YES;
				CLANG_WARN_EMPTY_BODY = YES;
				CLANG_WARN_ENUM_CONVERSION = YES;
				CLANG_WARN_INFINITE_RECURSION = YES;
				CLANG_WARN_INT_CONVERSION = YES;
				CLANG_WARN_NON_LITERAL_NULL_CONVERSION = YES;
				CLANG_WARN_OBJC_IMPLICIT_RETAIN_SELF = YES;
				CLANG_WARN_OBJC_LITERAL_CONVERSION = YES;
				CLANG_WARN_OBJC_ROOT_CLASS = YES_ERROR;
				CLANG_WARN_QUOTED_INCLUDE_IN_FRAMEWORK_HEADER = YES;
				CLANG_WARN_RANGE_LOOP_ANALYSIS = YES;
				CLANG_WARN_STRICT_PROTOTYPES = YES;
				CLANG_WARN_SUSPICIOUS_MOVE = YES;
				CLANG_WARN_UNGUARDED_AVAILABILITY = YES_AGGRESSIVE;
				CLANG_WARN_UNREACHABLE_CODE = YES;
				CLANG_WARN__DUPLICATE_METHOD_MATCH = YES;
				COPY_PHASE_STRIP = NO;
				DEBUG_INFORMATION_FORMAT = dwarf;
				ENABLE_STRICT_OBJC_MSGSEND = YES;
				ENABLE_TESTABILITY = YES;
				GCC_C_LANGUAGE_STANDARD = gnu11;
				GCC_DYNAMIC_NO_PIC = NO;
				GCC_NO_COMMON_BLOCKS = YES;
				GCC_OPTIMIZATION_LEVEL = 0;
				GCC_PREPROCESSOR_DEFINITIONS = (
					"DEBUG=1",
					"$(inherited)",
				);
				GCC_WARN_64_TO_32_BIT_CONVERSION = YES;
				GCC_WARN_ABOUT_RETURN_TYPE = YES_ERROR;
				GCC_WARN_UNDECLARED_SELECTOR = YES;
				GCC_WARN_UNINITIALIZED_AUTOS = YES_AGGRESSIVE;
				GCC_WARN_UNUSED_FUNCTION = YES;
				GCC_WARN_UNUSED_VARIABLE = YES;
				IPHONEOS_DEPLOYMENT_TARGET = 15.5;
				MTL_ENABLE_DEBUG_INFO = INCLUDE_SOURCE;
				MTL_FAST_MATH = YES;
				ONLY_ACTIVE_ARCH = YES;
				SDKROOT = iphoneos;
				SWIFT_ACTIVE_COMPILATION_CONDITIONS = DEBUG;
				SWIFT_OPTIMIZATION_LEVEL = "-Onone";
			};
			name = Debug;
		};
		ED0AC920286B2DC30033EFB1 /* Release */ = {
			isa = XCBuildConfiguration;
			buildSettings = {
				ALWAYS_SEARCH_USER_PATHS = NO;
				CLANG_ANALYZER_NONNULL = YES;
				CLANG_ANALYZER_NUMBER_OBJECT_CONVERSION = YES_AGGRESSIVE;
				CLANG_CXX_LANGUAGE_STANDARD = "gnu++17";
				CLANG_ENABLE_MODULES = YES;
				CLANG_ENABLE_OBJC_ARC = YES;
				CLANG_ENABLE_OBJC_WEAK = YES;
				CLANG_WARN_BLOCK_CAPTURE_AUTORELEASING = YES;
				CLANG_WARN_BOOL_CONVERSION = YES;
				CLANG_WARN_COMMA = YES;
				CLANG_WARN_CONSTANT_CONVERSION = YES;
				CLANG_WARN_DEPRECATED_OBJC_IMPLEMENTATIONS = YES;
				CLANG_WARN_DIRECT_OBJC_ISA_USAGE = YES_ERROR;
				CLANG_WARN_DOCUMENTATION_COMMENTS = YES;
				CLANG_WARN_EMPTY_BODY = YES;
				CLANG_WARN_ENUM_CONVERSION = YES;
				CLANG_WARN_INFINITE_RECURSION = YES;
				CLANG_WARN_INT_CONVERSION = YES;
				CLANG_WARN_NON_LITERAL_NULL_CONVERSION = YES;
				CLANG_WARN_OBJC_IMPLICIT_RETAIN_SELF = YES;
				CLANG_WARN_OBJC_LITERAL_CONVERSION = YES;
				CLANG_WARN_OBJC_ROOT_CLASS = YES_ERROR;
				CLANG_WARN_QUOTED_INCLUDE_IN_FRAMEWORK_HEADER = YES;
				CLANG_WARN_RANGE_LOOP_ANALYSIS = YES;
				CLANG_WARN_STRICT_PROTOTYPES = YES;
				CLANG_WARN_SUSPICIOUS_MOVE = YES;
				CLANG_WARN_UNGUARDED_AVAILABILITY = YES_AGGRESSIVE;
				CLANG_WARN_UNREACHABLE_CODE = YES;
				CLANG_WARN__DUPLICATE_METHOD_MATCH = YES;
				COPY_PHASE_STRIP = NO;
				DEBUG_INFORMATION_FORMAT = "dwarf-with-dsym";
				ENABLE_NS_ASSERTIONS = NO;
				ENABLE_STRICT_OBJC_MSGSEND = YES;
				GCC_C_LANGUAGE_STANDARD = gnu11;
				GCC_NO_COMMON_BLOCKS = YES;
				GCC_WARN_64_TO_32_BIT_CONVERSION = YES;
				GCC_WARN_ABOUT_RETURN_TYPE = YES_ERROR;
				GCC_WARN_UNDECLARED_SELECTOR = YES;
				GCC_WARN_UNINITIALIZED_AUTOS = YES_AGGRESSIVE;
				GCC_WARN_UNUSED_FUNCTION = YES;
				GCC_WARN_UNUSED_VARIABLE = YES;
				IPHONEOS_DEPLOYMENT_TARGET = 15.5;
				MTL_ENABLE_DEBUG_INFO = NO;
				MTL_FAST_MATH = YES;
				SDKROOT = iphoneos;
				SWIFT_COMPILATION_MODE = wholemodule;
				SWIFT_OPTIMIZATION_LEVEL = "-O";
				VALIDATE_PRODUCT = YES;
			};
			name = Release;
		};
		ED0AC922286B2DC30033EFB1 /* Debug */ = {
			isa = XCBuildConfiguration;
			baseConfigurationReference = 949AF35258402579C968490C /* Pods-Google Authentication.debug.xcconfig */;
			buildSettings = {
				ASSETCATALOG_COMPILER_APPICON_NAME = AppIcon;
				ASSETCATALOG_COMPILER_GLOBAL_ACCENT_COLOR_NAME = AccentColor;
				CODE_SIGN_STYLE = Automatic;
				CURRENT_PROJECT_VERSION = 1;
				DEVELOPMENT_TEAM = 4FD99L2KTQ;
				GENERATE_INFOPLIST_FILE = YES;
				INFOPLIST_FILE = "Google Authentication/Info.plist";
				INFOPLIST_KEY_UIApplicationSupportsIndirectInputEvents = YES;
				INFOPLIST_KEY_UILaunchStoryboardName = LaunchScreen;
				INFOPLIST_KEY_UIMainStoryboardFile = Main;
				INFOPLIST_KEY_UISupportedInterfaceOrientations = UIInterfaceOrientationPortrait;
				INFOPLIST_KEY_UISupportedInterfaceOrientations_iPad = "UIInterfaceOrientationPortrait UIInterfaceOrientationPortraitUpsideDown UIInterfaceOrientationLandscapeLeft UIInterfaceOrientationLandscapeRight";
				INFOPLIST_KEY_UISupportedInterfaceOrientations_iPhone = "UIInterfaceOrientationPortrait UIInterfaceOrientationLandscapeLeft UIInterfaceOrientationLandscapeRight";
				LD_RUNPATH_SEARCH_PATHS = (
					"$(inherited)",
					"@executable_path/Frameworks",
				);
				MARKETING_VERSION = 1.0;
				PRODUCT_BUNDLE_IDENTIFIER = "com.kaarthu.Google-Authentication";
				PRODUCT_NAME = "$(TARGET_NAME)";
				SWIFT_EMIT_LOC_STRINGS = YES;
				SWIFT_VERSION = 5.0;
				TARGETED_DEVICE_FAMILY = "1,2";
			};
			name = Debug;
		};
		ED0AC923286B2DC30033EFB1 /* Release */ = {
			isa = XCBuildConfiguration;
			baseConfigurationReference = 02FDBE3EEE643F59489DA291 /* Pods-Google Authentication.release.xcconfig */;
			buildSettings = {
				ASSETCATALOG_COMPILER_APPICON_NAME = AppIcon;
				ASSETCATALOG_COMPILER_GLOBAL_ACCENT_COLOR_NAME = AccentColor;
				CODE_SIGN_STYLE = Automatic;
				CURRENT_PROJECT_VERSION = 1;
				DEVELOPMENT_TEAM = 4FD99L2KTQ;
				GENERATE_INFOPLIST_FILE = YES;
				INFOPLIST_FILE = "Google Authentication/Info.plist";
				INFOPLIST_KEY_UIApplicationSupportsIndirectInputEvents = YES;
				INFOPLIST_KEY_UILaunchStoryboardName = LaunchScreen;
				INFOPLIST_KEY_UIMainStoryboardFile = Main;
				INFOPLIST_KEY_UISupportedInterfaceOrientations = UIInterfaceOrientationPortrait;
				INFOPLIST_KEY_UISupportedInterfaceOrientations_iPad = "UIInterfaceOrientationPortrait UIInterfaceOrientationPortraitUpsideDown UIInterfaceOrientationLandscapeLeft UIInterfaceOrientationLandscapeRight";
				INFOPLIST_KEY_UISupportedInterfaceOrientations_iPhone = "UIInterfaceOrientationPortrait UIInterfaceOrientationLandscapeLeft UIInterfaceOrientationLandscapeRight";
				LD_RUNPATH_SEARCH_PATHS = (
					"$(inherited)",
					"@executable_path/Frameworks",
				);
				MARKETING_VERSION = 1.0;
				PRODUCT_BUNDLE_IDENTIFIER = "com.kaarthu.Google-Authentication";
				PRODUCT_NAME = "$(TARGET_NAME)";
				SWIFT_EMIT_LOC_STRINGS = YES;
				SWIFT_VERSION = 5.0;
				TARGETED_DEVICE_FAMILY = "1,2";
			};
			name = Release;
		};
/* End XCBuildConfiguration section */

/* Begin XCConfigurationList section */
		ED0AC908286B2DC10033EFB1 /* Build configuration list for PBXProject "Google Authentication" */ = {
			isa = XCConfigurationList;
			buildConfigurations = (
				ED0AC91F286B2DC30033EFB1 /* Debug */,
				ED0AC920286B2DC30033EFB1 /* Release */,
			);
			defaultConfigurationIsVisible = 0;
			defaultConfigurationName = Release;
		};
		ED0AC921286B2DC30033EFB1 /* Build configuration list for PBXNativeTarget "Google Authentication" */ = {
			isa = XCConfigurationList;
			buildConfigurations = (
				ED0AC922286B2DC30033EFB1 /* Debug */,
				ED0AC923286B2DC30033EFB1 /* Release */,
			);
			defaultConfigurationIsVisible = 0;
			defaultConfigurationName = Release;
		};
/* End XCConfigurationList section */
	};
	rootObject = ED0AC905286B2DC10033EFB1 /* Project object */;
}
